
Microsoft Visual Studio Solution File, Format Version 12.00
# Visual Studio Version 17
VisualStudioVersion = 17.14.36301.6 d17.14
MinimumVisualStudioVersion = 10.0.40219.1
Project("{FAE04EC0-301F-11D3-BF4B-00C04F79EFBC}") = "netclass18237", "netclass18237\netclass18237.csproj", "{2B136A64-BAB4-418A-93F4-99D98D4B22EE}"
EndProject
Global
	GlobalSection(SolutionConfigurationPlatforms) = preSolution
		Debug|Any CPU = Debug|Any CPU
		Release|Any CPU = Release|Any CPU
	EndGlobalSection
	GlobalSection(ProjectConfigurationPlatforms) = postSolution
		{2B136A64-BAB4-418A-93F4-99D98D4B22EE}.Debug|Any CPU.ActiveCfg = Debug|Any CPU
		{2B136A64-BAB4-418A-93F4-99D98D4B22EE}.Debug|Any CPU.Build.0 = Debug|Any CPU
		{2B136A64-BAB4-418A-93F4-99D98D4B22EE}.Release|Any CPU.ActiveCfg = Release|Any CPU
		{2B136A64-BAB4-418A-93F4-99D98D4B22EE}.Release|Any CPU.Build.0 = Release|Any CPU
	EndGlobalSection
	GlobalSection(SolutionProperties) = preSolution
		HideSolutionNode = FALSE
	EndGlobalSection
	GlobalSection(ExtensibilityGlobals) = postSolution
		SolutionGuid = {E7EE3FEF-D580-46AB-B494-679298D7472D}
	EndGlobalSection
EndGlobal
